// !$*UTF8*$!
{
	archiveVersion = 1;
	classes = {
	};
	objectVersion = 56;
	objects = {

/* Begin PBXBuildFile section */
		B229D4FD29CCAE94003E11B9 /* AppDelegate.swift in Sources */ = {isa = PBXBuildFile; fileRef = B229D4FC29CCAE94003E11B9 /* AppDelegate.swift */; };
		B229D50729CCAE94003E11B9 /* chatTesrApp.xcdatamodeld in Sources */ = {isa = PBXBuildFile; fileRef = B229D50529CCAE94003E11B9 /* chatTesrApp.xcdatamodeld */; };
		B229D50929CCAE96003E11B9 /* Assets.xcassets in Resources */ = {isa = PBXBuildFile; fileRef = B229D50829CCAE96003E11B9 /* Assets.xcassets */; };
		B229D50C29CCAE96003E11B9 /* LaunchScreen.storyboard in Resources */ = {isa = PBXBuildFile; fileRef = B229D50A29CCAE96003E11B9 /* LaunchScreen.storyboard */; };
		B229D51829CCB093003E11B9 /* Coordinator.swift in Sources */ = {isa = PBXBuildFile; fileRef = B229D51729CCB093003E11B9 /* Coordinator.swift */; };
		B229D51A29CCB0DE003E11B9 /* AppCoordinator.swift in Sources */ = {isa = PBXBuildFile; fileRef = B229D51929CCB0DE003E11B9 /* AppCoordinator.swift */; };
		B229D51F29CCB1CF003E11B9 /* StorageManager.swift in Sources */ = {isa = PBXBuildFile; fileRef = B229D51E29CCB1CF003E11B9 /* StorageManager.swift */; };
		B229D52529CCB520003E11B9 /* UIColorExtension.swift in Sources */ = {isa = PBXBuildFile; fileRef = B229D52429CCB520003E11B9 /* UIColorExtension.swift */; };
		B229D52729CCB5B6003E11B9 /* Resources.swift in Sources */ = {isa = PBXBuildFile; fileRef = B229D52629CCB5B6003E11B9 /* Resources.swift */; };
		B229D52929CCB644003E11B9 /* LogInPageViewController.swift in Sources */ = {isa = PBXBuildFile; fileRef = B229D52829CCB644003E11B9 /* LogInPageViewController.swift */; };
		B229D52B29CCB695003E11B9 /* SignInPageViewController.swift in Sources */ = {isa = PBXBuildFile; fileRef = B229D52A29CCB695003E11B9 /* SignInPageViewController.swift */; };
		B2767DD829CD82750006671E /* ChatsViewController.swift in Sources */ = {isa = PBXBuildFile; fileRef = B2767DD729CD82750006671E /* ChatsViewController.swift */; };
		B2767DDA29CD854A0006671E /* ChatCell.swift in Sources */ = {isa = PBXBuildFile; fileRef = B2767DD929CD854A0006671E /* ChatCell.swift */; };
		B2767DDC29CD86660006671E /* Chats.swift in Sources */ = {isa = PBXBuildFile; fileRef = B2767DDB29CD86660006671E /* Chats.swift */; };
		B2767DDF29CD8F290006671E /* MainChatViewController.swift in Sources */ = {isa = PBXBuildFile; fileRef = B2767DDE29CD8F290006671E /* MainChatViewController.swift */; };
		B2767DE329CE05C40006671E /* MainProfileViewController.swift in Sources */ = {isa = PBXBuildFile; fileRef = B2767DE229CE05C40006671E /* MainProfileViewController.swift */; };
		B2791EEA29CCCCC100C9146A /* UIFontExtension.swift in Sources */ = {isa = PBXBuildFile; fileRef = B2791EE929CCCCC100C9146A /* UIFontExtension.swift */; };
		B2A383A129CCED9A00E7FF43 /* TabBarController.swift in Sources */ = {isa = PBXBuildFile; fileRef = B2A383A029CCED9A00E7FF43 /* TabBarController.swift */; };
		B2A383A329CCF41300E7FF43 /* NavBarController.swift in Sources */ = {isa = PBXBuildFile; fileRef = B2A383A229CCF41300E7FF43 /* NavBarController.swift */; };
		B2FB041529CF6CD30047D539 /* NetworkService.swift in Sources */ = {isa = PBXBuildFile; fileRef = B2FB041429CF6CD30047D539 /* NetworkService.swift */; };
		B2FB041729CF89600047D539 /* User.swift in Sources */ = {isa = PBXBuildFile; fileRef = B2FB041629CF89600047D539 /* User.swift */; };
/* End PBXBuildFile section */

/* Begin PBXFileReference section */
		B229D4F929CCAE94003E11B9 /* chatTesrApp.app */ = {isa = PBXFileReference; explicitFileType = wrapper.application; includeInIndex = 0; path = chatTesrApp.app; sourceTree = BUILT_PRODUCTS_DIR; };
		B229D4FC29CCAE94003E11B9 /* AppDelegate.swift */ = {isa = PBXFileReference; lastKnownFileType = sourcecode.swift; path = AppDelegate.swift; sourceTree = "<group>"; };
		B229D50629CCAE94003E11B9 /* chatTesrApp.xcdatamodel */ = {isa = PBXFileReference; lastKnownFileType = wrapper.xcdatamodel; path = chatTesrApp.xcdatamodel; sourceTree = "<group>"; };
		B229D50829CCAE96003E11B9 /* Assets.xcassets */ = {isa = PBXFileReference; lastKnownFileType = folder.assetcatalog; path = Assets.xcassets; sourceTree = "<group>"; };
		B229D50B29CCAE96003E11B9 /* Base */ = {isa = PBXFileReference; lastKnownFileType = file.storyboard; name = Base; path = Base.lproj/LaunchScreen.storyboard; sourceTree = "<group>"; };
		B229D50D29CCAE96003E11B9 /* Info.plist */ = {isa = PBXFileReference; lastKnownFileType = text.plist.xml; path = Info.plist; sourceTree = "<group>"; };
		B229D51729CCB093003E11B9 /* Coordinator.swift */ = {isa = PBXFileReference; lastKnownFileType = sourcecode.swift; path = Coordinator.swift; sourceTree = "<group>"; };
		B229D51929CCB0DE003E11B9 /* AppCoordinator.swift */ = {isa = PBXFileReference; lastKnownFileType = sourcecode.swift; path = AppCoordinator.swift; sourceTree = "<group>"; };
		B229D51E29CCB1CF003E11B9 /* StorageManager.swift */ = {isa = PBXFileReference; lastKnownFileType = sourcecode.swift; path = StorageManager.swift; sourceTree = "<group>"; };
		B229D52429CCB520003E11B9 /* UIColorExtension.swift */ = {isa = PBXFileReference; lastKnownFileType = sourcecode.swift; path = UIColorExtension.swift; sourceTree = "<group>"; };
		B229D52629CCB5B6003E11B9 /* Resources.swift */ = {isa = PBXFileReference; lastKnownFileType = sourcecode.swift; path = Resources.swift; sourceTree = "<group>"; };
		B229D52829CCB644003E11B9 /* LogInPageViewController.swift */ = {isa = PBXFileReference; lastKnownFileType = sourcecode.swift; path = LogInPageViewController.swift; sourceTree = "<group>"; };
		B229D52A29CCB695003E11B9 /* SignInPageViewController.swift */ = {isa = PBXFileReference; lastKnownFileType = sourcecode.swift; path = SignInPageViewController.swift; sourceTree = "<group>"; };
		B2767DD729CD82750006671E /* ChatsViewController.swift */ = {isa = PBXFileReference; lastKnownFileType = sourcecode.swift; path = ChatsViewController.swift; sourceTree = "<group>"; };
		B2767DD929CD854A0006671E /* ChatCell.swift */ = {isa = PBXFileReference; lastKnownFileType = sourcecode.swift; path = ChatCell.swift; sourceTree = "<group>"; };
		B2767DDB29CD86660006671E /* Chats.swift */ = {isa = PBXFileReference; lastKnownFileType = sourcecode.swift; path = Chats.swift; sourceTree = "<group>"; };
		B2767DDE29CD8F290006671E /* MainChatViewController.swift */ = {isa = PBXFileReference; lastKnownFileType = sourcecode.swift; path = MainChatViewController.swift; sourceTree = "<group>"; };
		B2767DE229CE05C40006671E /* MainProfileViewController.swift */ = {isa = PBXFileReference; lastKnownFileType = sourcecode.swift; path = MainProfileViewController.swift; sourceTree = "<group>"; };
		B2791EE329CCCB7500C9146A /* Roboto-Bold.ttf */ = {isa = PBXFileReference; lastKnownFileType = file; path = "Roboto-Bold.ttf"; sourceTree = "<group>"; };
		B2791EE429CCCB7500C9146A /* Roboto-Thin.ttf */ = {isa = PBXFileReference; lastKnownFileType = file; path = "Roboto-Thin.ttf"; sourceTree = "<group>"; };
		B2791EE529CCCB7500C9146A /* Roboto-Medium.ttf */ = {isa = PBXFileReference; lastKnownFileType = file; path = "Roboto-Medium.ttf"; sourceTree = "<group>"; };
		B2791EE929CCCCC100C9146A /* UIFontExtension.swift */ = {isa = PBXFileReference; lastKnownFileType = sourcecode.swift; path = UIFontExtension.swift; sourceTree = "<group>"; };
		B2A383A029CCED9A00E7FF43 /* TabBarController.swift */ = {isa = PBXFileReference; lastKnownFileType = sourcecode.swift; path = TabBarController.swift; sourceTree = "<group>"; };
		B2A383A229CCF41300E7FF43 /* NavBarController.swift */ = {isa = PBXFileReference; fileEncoding = 4; lastKnownFileType = sourcecode.swift; path = NavBarController.swift; sourceTree = "<group>"; };
		B2FB041429CF6CD30047D539 /* NetworkService.swift */ = {isa = PBXFileReference; lastKnownFileType = sourcecode.swift; path = NetworkService.swift; sourceTree = "<group>"; };
		B2FB041629CF89600047D539 /* User.swift */ = {isa = PBXFileReference; lastKnownFileType = sourcecode.swift; path = User.swift; sourceTree = "<group>"; };
/* End PBXFileReference section */

/* Begin PBXFrameworksBuildPhase section */
		B229D4F629CCAE94003E11B9 /* Frameworks */ = {
			isa = PBXFrameworksBuildPhase;
			buildActionMask = 2147483647;
			files = (
			);
			runOnlyForDeploymentPostprocessing = 0;
		};
/* End PBXFrameworksBuildPhase section */

/* Begin PBXGroup section */
		B229D4F029CCAE94003E11B9 = {
			isa = PBXGroup;
			children = (
				B229D4FB29CCAE94003E11B9 /* chatTesrApp */,
				B229D4FA29CCAE94003E11B9 /* Products */,
			);
			sourceTree = "<group>";
		};
		B229D4FA29CCAE94003E11B9 /* Products */ = {
			isa = PBXGroup;
			children = (
				B229D4F929CCAE94003E11B9 /* chatTesrApp.app */,
			);
			name = Products;
			sourceTree = "<group>";
		};
		B229D4FB29CCAE94003E11B9 /* chatTesrApp */ = {
			isa = PBXGroup;
			children = (
				B2FB041329CF6C240047D539 /* NetworkService */,
				B229D51329CCB005003E11B9 /* Application */,
				B229D51529CCB032003E11B9 /* Coordinator */,
				B229D51B29CCB127003E11B9 /* Model */,
				B229D51D29CCB196003E11B9 /* Storage */,
				B229D51C29CCB16F003E11B9 /* SupportingFilles */,
				B229D52029CCB3CE003E11B9 /* View */,
			);
			path = chatTesrApp;
			sourceTree = "<group>";
		};
		B229D51329CCB005003E11B9 /* Application */ = {
			isa = PBXGroup;
			children = (
				B229D4FC29CCAE94003E11B9 /* AppDelegate.swift */,
			);
			path = Application;
			sourceTree = "<group>";
		};
		B229D51529CCB032003E11B9 /* Coordinator */ = {
			isa = PBXGroup;
			children = (
				B229D51629CCB040003E11B9 /* Protocols */,
				B229D51929CCB0DE003E11B9 /* AppCoordinator.swift */,
			);
			path = Coordinator;
			sourceTree = "<group>";
		};
		B229D51629CCB040003E11B9 /* Protocols */ = {
			isa = PBXGroup;
			children = (
				B229D51729CCB093003E11B9 /* Coordinator.swift */,
			);
			path = Protocols;
			sourceTree = "<group>";
		};
		B229D51B29CCB127003E11B9 /* Model */ = {
			isa = PBXGroup;
			children = (
				B2767DDB29CD86660006671E /* Chats.swift */,
				B2FB041629CF89600047D539 /* User.swift */,
			);
			path = Model;
			sourceTree = "<group>";
		};
		B229D51C29CCB16F003E11B9 /* SupportingFilles */ = {
			isa = PBXGroup;
			children = (
				B229D50829CCAE96003E11B9 /* Assets.xcassets */,
				B229D50A29CCAE96003E11B9 /* LaunchScreen.storyboard */,
				B229D50D29CCAE96003E11B9 /* Info.plist */,
			);
			path = SupportingFilles;
			sourceTree = "<group>";
		};
		B229D51D29CCB196003E11B9 /* Storage */ = {
			isa = PBXGroup;
			children = (
				B229D50529CCAE94003E11B9 /* chatTesrApp.xcdatamodeld */,
				B229D51E29CCB1CF003E11B9 /* StorageManager.swift */,
			);
			path = Storage;
			sourceTree = "<group>";
		};
		B229D52029CCB3CE003E11B9 /* View */ = {
			isa = PBXGroup;
			children = (
				B2767DDD29CD8F0E0006671E /* AllChats */,
				B2767DD629CD82460006671E /* Navigation */,
				B2767DD529CD81CA0006671E /* Authorization */,
				B229D52229CCB4AE003E11B9 /* Helpers */,
				B2767DE229CE05C40006671E /* MainProfileViewController.swift */,
			);
			path = View;
			sourceTree = "<group>";
		};
		B229D52229CCB4AE003E11B9 /* Helpers */ = {
			isa = PBXGroup;
			children = (
				B2791ED529CCCAD400C9146A /* Fonts */,
				B229D52329CCB4C4003E11B9 /* Extensions */,
				B229D52629CCB5B6003E11B9 /* Resources.swift */,
			);
			path = Helpers;
			sourceTree = "<group>";
		};
		B229D52329CCB4C4003E11B9 /* Extensions */ = {
			isa = PBXGroup;
			children = (
				B229D52429CCB520003E11B9 /* UIColorExtension.swift */,
				B2791EE929CCCCC100C9146A /* UIFontExtension.swift */,
			);
			path = Extensions;
			sourceTree = "<group>";
		};
		B2767DD529CD81CA0006671E /* Authorization */ = {
			isa = PBXGroup;
			children = (
				B229D52829CCB644003E11B9 /* LogInPageViewController.swift */,
				B229D52A29CCB695003E11B9 /* SignInPageViewController.swift */,
			);
			path = Authorization;
			sourceTree = "<group>";
		};
		B2767DD629CD82460006671E /* Navigation */ = {
			isa = PBXGroup;
			children = (
				B2A383A029CCED9A00E7FF43 /* TabBarController.swift */,
				B2A383A229CCF41300E7FF43 /* NavBarController.swift */,
			);
			path = Navigation;
			sourceTree = "<group>";
		};
		B2767DDD29CD8F0E0006671E /* AllChats */ = {
			isa = PBXGroup;
			children = (
				B2767DD729CD82750006671E /* ChatsViewController.swift */,
				B2767DD929CD854A0006671E /* ChatCell.swift */,
				B2767DDE29CD8F290006671E /* MainChatViewController.swift */,
			);
			path = AllChats;
			sourceTree = "<group>";
		};
		B2791ED529CCCAD400C9146A /* Fonts */ = {
			isa = PBXGroup;
			children = (
				B2791EE329CCCB7500C9146A /* Roboto-Bold.ttf */,
				B2791EE529CCCB7500C9146A /* Roboto-Medium.ttf */,
				B2791EE429CCCB7500C9146A /* Roboto-Thin.ttf */,
			);
			path = Fonts;
			sourceTree = "<group>";
		};
		B2FB041329CF6C240047D539 /* NetworkService */ = {
			isa = PBXGroup;
			children = (
				B2FB041429CF6CD30047D539 /* NetworkService.swift */,
			);
			path = NetworkService;
			sourceTree = "<group>";
		};
/* End PBXGroup section */

/* Begin PBXNativeTarget section */
		B229D4F829CCAE94003E11B9 /* chatTesrApp */ = {
			isa = PBXNativeTarget;
			buildConfigurationList = B229D51029CCAE96003E11B9 /* Build configuration list for PBXNativeTarget "chatTesrApp" */;
			buildPhases = (
				B229D4F529CCAE94003E11B9 /* Sources */,
				B229D4F629CCAE94003E11B9 /* Frameworks */,
				B229D4F729CCAE94003E11B9 /* Resources */,
			);
			buildRules = (
			);
			dependencies = (
			);
			name = chatTesrApp;
			productName = chatTesrApp;
			productReference = B229D4F929CCAE94003E11B9 /* chatTesrApp.app */;
			productType = "com.apple.product-type.application";
		};
/* End PBXNativeTarget section */

/* Begin PBXProject section */
		B229D4F129CCAE94003E11B9 /* Project object */ = {
			isa = PBXProject;
			attributes = {
				BuildIndependentTargetsInParallel = 1;
				LastSwiftUpdateCheck = 1410;
				LastUpgradeCheck = 1410;
				TargetAttributes = {
					B229D4F829CCAE94003E11B9 = {
						CreatedOnToolsVersion = 14.1;
					};
				};
			};
			buildConfigurationList = B229D4F429CCAE94003E11B9 /* Build configuration list for PBXProject "chatTesrApp" */;
			compatibilityVersion = "Xcode 14.0";
			developmentRegion = en;
			hasScannedForEncodings = 0;
			knownRegions = (
				en,
				Base,
			);
			mainGroup = B229D4F029CCAE94003E11B9;
			productRefGroup = B229D4FA29CCAE94003E11B9 /* Products */;
			projectDirPath = "";
			projectRoot = "";
			targets = (
				B229D4F829CCAE94003E11B9 /* chatTesrApp */,
			);
		};
/* End PBXProject section */

/* Begin PBXResourcesBuildPhase section */
		B229D4F729CCAE94003E11B9 /* Resources */ = {
			isa = PBXResourcesBuildPhase;
			buildActionMask = 2147483647;
			files = (
				B229D50C29CCAE96003E11B9 /* LaunchScreen.storyboard in Resources */,
				B229D50929CCAE96003E11B9 /* Assets.xcassets in Resources */,
			);
			runOnlyForDeploymentPostprocessing = 0;
		};
/* End PBXResourcesBuildPhase section */

/* Begin PBXSourcesBuildPhase section */
		B229D4F529CCAE94003E11B9 /* Sources */ = {
			isa = PBXSourcesBuildPhase;
			buildActionMask = 2147483647;
			files = (
				B229D51829CCB093003E11B9 /* Coordinator.swift in Sources */,
				B229D51A29CCB0DE003E11B9 /* AppCoordinator.swift in Sources */,
				B2A383A129CCED9A00E7FF43 /* TabBarController.swift in Sources */,
				B229D52729CCB5B6003E11B9 /* Resources.swift in Sources */,
				B2FB041529CF6CD30047D539 /* NetworkService.swift in Sources */,
				B2767DD829CD82750006671E /* ChatsViewController.swift in Sources */,
				B229D51F29CCB1CF003E11B9 /* StorageManager.swift in Sources */,
				B229D4FD29CCAE94003E11B9 /* AppDelegate.swift in Sources */,
				B229D52B29CCB695003E11B9 /* SignInPageViewController.swift in Sources */,
				B2A383A329CCF41300E7FF43 /* NavBarController.swift in Sources */,
				B2791EEA29CCCCC100C9146A /* UIFontExtension.swift in Sources */,
				B229D52929CCB644003E11B9 /* LogInPageViewController.swift in Sources */,
				B2767DDF29CD8F290006671E /* MainChatViewController.swift in Sources */,
				B229D50729CCAE94003E11B9 /* chatTesrApp.xcdatamodeld in Sources */,
				B2767DE329CE05C40006671E /* MainProfileViewController.swift in Sources */,
				B2767DDA29CD854A0006671E /* ChatCell.swift in Sources */,
				B229D52529CCB520003E11B9 /* UIColorExtension.swift in Sources */,
				B2767DDC29CD86660006671E /* Chats.swift in Sources */,
				B2FB041729CF89600047D539 /* User.swift in Sources */,
			);
			runOnlyForDeploymentPostprocessing = 0;
		};
/* End PBXSourcesBuildPhase section */

/* Begin PBXVariantGroup section */
		B229D50A29CCAE96003E11B9 /* LaunchScreen.storyboard */ = {
			isa = PBXVariantGroup;
			children = (
				B229D50B29CCAE96003E11B9 /* Base */,
			);
			name = LaunchScreen.storyboard;
			sourceTree = "<group>";
		};
/* End PBXVariantGroup section */

/* Begin XCBuildConfiguration section */
		B229D50E29CCAE96003E11B9 /* Debug */ = {
			isa = XCBuildConfiguration;
			buildSettings = {
				ALWAYS_SEARCH_USER_PATHS = NO;
				CLANG_ANALYZER_NONNULL = YES;
				CLANG_ANALYZER_NUMBER_OBJECT_CONVERSION = YES_AGGRESSIVE;
				CLANG_CXX_LANGUAGE_STANDARD = "gnu++20";
				CLANG_ENABLE_MODULES = YES;
				CLANG_ENABLE_OBJC_ARC = YES;
				CLANG_ENABLE_OBJC_WEAK = YES;
				CLANG_WARN_BLOCK_CAPTURE_AUTORELEASING = YES;
				CLANG_WARN_BOOL_CONVERSION = YES;
				CLANG_WARN_COMMA = YES;
				CLANG_WARN_CONSTANT_CONVERSION = YES;
				CLANG_WARN_DEPRECATED_OBJC_IMPLEMENTATIONS = YES;
				CLANG_WARN_DIRECT_OBJC_ISA_USAGE = YES_ERROR;
				CLANG_WARN_DOCUMENTATION_COMMENTS = YES;
				CLANG_WARN_EMPTY_BODY = YES;
				CLANG_WARN_ENUM_CONVERSION = YES;
				CLANG_WARN_INFINITE_RECURSION = YES;
				CLANG_WARN_INT_CONVERSION = YES;
				CLANG_WARN_NON_LITERAL_NULL_CONVERSION = YES;
				CLANG_WARN_OBJC_IMPLICIT_RETAIN_SELF = YES;
				CLANG_WARN_OBJC_LITERAL_CONVERSION = YES;
				CLANG_WARN_OBJC_ROOT_CLASS = YES_ERROR;
				CLANG_WARN_QUOTED_INCLUDE_IN_FRAMEWORK_HEADER = YES;
				CLANG_WARN_RANGE_LOOP_ANALYSIS = YES;
				CLANG_WARN_STRICT_PROTOTYPES = YES;
				CLANG_WARN_SUSPICIOUS_MOVE = YES;
				CLANG_WARN_UNGUARDED_AVAILABILITY = YES_AGGRESSIVE;
				CLANG_WARN_UNREACHABLE_CODE = YES;
				CLANG_WARN__DUPLICATE_METHOD_MATCH = YES;
				COPY_PHASE_STRIP = NO;
				DEBUG_INFORMATION_FORMAT = dwarf;
				ENABLE_STRICT_OBJC_MSGSEND = YES;
				ENABLE_TESTABILITY = YES;
				GCC_C_LANGUAGE_STANDARD = gnu11;
				GCC_DYNAMIC_NO_PIC = NO;
				GCC_NO_COMMON_BLOCKS = YES;
				GCC_OPTIMIZATION_LEVEL = 0;
				GCC_PREPROCESSOR_DEFINITIONS = (
					"DEBUG=1",
					"$(inherited)",
				);
				GCC_WARN_64_TO_32_BIT_CONVERSION = YES;
				GCC_WARN_ABOUT_RETURN_TYPE = YES_ERROR;
				GCC_WARN_UNDECLARED_SELECTOR = YES;
				GCC_WARN_UNINITIALIZED_AUTOS = YES_AGGRESSIVE;
				GCC_WARN_UNUSED_FUNCTION = YES;
				GCC_WARN_UNUSED_VARIABLE = YES;
				IPHONEOS_DEPLOYMENT_TARGET = 16.1;
				MTL_ENABLE_DEBUG_INFO = INCLUDE_SOURCE;
				MTL_FAST_MATH = YES;
				ONLY_ACTIVE_ARCH = YES;
				SDKROOT = iphoneos;
				SWIFT_ACTIVE_COMPILATION_CONDITIONS = DEBUG;
				SWIFT_OPTIMIZATION_LEVEL = "-Onone";
			};
			name = Debug;
		};
		B229D50F29CCAE96003E11B9 /* Release */ = {
			isa = XCBuildConfiguration;
			buildSettings = {
				ALWAYS_SEARCH_USER_PATHS = NO;
				CLANG_ANALYZER_NONNULL = YES;
				CLANG_ANALYZER_NUMBER_OBJECT_CONVERSION = YES_AGGRESSIVE;
				CLANG_CXX_LANGUAGE_STANDARD = "gnu++20";
				CLANG_ENABLE_MODULES = YES;
				CLANG_ENABLE_OBJC_ARC = YES;
				CLANG_ENABLE_OBJC_WEAK = YES;
				CLANG_WARN_BLOCK_CAPTURE_AUTORELEASING = YES;
				CLANG_WARN_BOOL_CONVERSION = YES;
				CLANG_WARN_COMMA = YES;
				CLANG_WARN_CONSTANT_CONVERSION = YES;
				CLANG_WARN_DEPRECATED_OBJC_IMPLEMENTATIONS = YES;
				CLANG_WARN_DIRECT_OBJC_ISA_USAGE = YES_ERROR;
				CLANG_WARN_DOCUMENTATION_COMMENTS = YES;
				CLANG_WARN_EMPTY_BODY = YES;
				CLANG_WARN_ENUM_CONVERSION = YES;
				CLANG_WARN_INFINITE_RECURSION = YES;
				CLANG_WARN_INT_CONVERSION = YES;
				CLANG_WARN_NON_LITERAL_NULL_CONVERSION = YES;
				CLANG_WARN_OBJC_IMPLICIT_RETAIN_SELF = YES;
				CLANG_WARN_OBJC_LITERAL_CONVERSION = YES;
				CLANG_WARN_OBJC_ROOT_CLASS = YES_ERROR;
				CLANG_WARN_QUOTED_INCLUDE_IN_FRAMEWORK_HEADER = YES;
				CLANG_WARN_RANGE_LOOP_ANALYSIS = YES;
				CLANG_WARN_STRICT_PROTOTYPES = YES;
				CLANG_WARN_SUSPICIOUS_MOVE = YES;
				CLANG_WARN_UNGUARDED_AVAILABILITY = YES_AGGRESSIVE;
				CLANG_WARN_UNREACHABLE_CODE = YES;
				CLANG_WARN__DUPLICATE_METHOD_MATCH = YES;
				COPY_PHASE_STRIP = NO;
				DEBUG_INFORMATION_FORMAT = "dwarf-with-dsym";
				ENABLE_NS_ASSERTIONS = NO;
				ENABLE_STRICT_OBJC_MSGSEND = YES;
				GCC_C_LANGUAGE_STANDARD = gnu11;
				GCC_NO_COMMON_BLOCKS = YES;
				GCC_WARN_64_TO_32_BIT_CONVERSION = YES;
				GCC_WARN_ABOUT_RETURN_TYPE = YES_ERROR;
				GCC_WARN_UNDECLARED_SELECTOR = YES;
				GCC_WARN_UNINITIALIZED_AUTOS = YES_AGGRESSIVE;
				GCC_WARN_UNUSED_FUNCTION = YES;
				GCC_WARN_UNUSED_VARIABLE = YES;
				IPHONEOS_DEPLOYMENT_TARGET = 16.1;
				MTL_ENABLE_DEBUG_INFO = NO;
				MTL_FAST_MATH = YES;
				SDKROOT = iphoneos;
				SWIFT_COMPILATION_MODE = wholemodule;
				SWIFT_OPTIMIZATION_LEVEL = "-O";
				VALIDATE_PRODUCT = YES;
			};
			name = Release;
		};
		B229D51129CCAE96003E11B9 /* Debug */ = {
			isa = XCBuildConfiguration;
			buildSettings = {
				ASSETCATALOG_COMPILER_APPICON_NAME = AppIcon;
				ASSETCATALOG_COMPILER_GLOBAL_ACCENT_COLOR_NAME = AccentColor;
				CODE_SIGN_STYLE = Automatic;
				CURRENT_PROJECT_VERSION = 1;
				DEVELOPMENT_TEAM = LUQ926BAHR;
				GENERATE_INFOPLIST_FILE = YES;
				INFOPLIST_FILE = chatTesrApp/SupportingFilles/Info.plist;
				INFOPLIST_KEY_UIApplicationSupportsIndirectInputEvents = YES;
				INFOPLIST_KEY_UILaunchStoryboardName = LaunchScreen;
				INFOPLIST_KEY_UISupportedInterfaceOrientations = UIInterfaceOrientationPortrait;
				LD_RUNPATH_SEARCH_PATHS = (
					"$(inherited)",
					"@executable_path/Frameworks",
				);
				MARKETING_VERSION = 1.0;
				PRODUCT_BUNDLE_IDENTIFIER = vladShima.chatTesrApp;
				PRODUCT_NAME = "$(TARGET_NAME)";
				SWIFT_EMIT_LOC_STRINGS = YES;
				SWIFT_VERSION = 5.0;
				TARGETED_DEVICE_FAMILY = "1,2";
			};
			name = Debug;
		};
		B229D51229CCAE96003E11B9 /* Release */ = {
			isa = XCBuildConfiguration;
			buildSettings = {
				ASSETCATALOG_COMPILER_APPICON_NAME = AppIcon;
				ASSETCATALOG_COMPILER_GLOBAL_ACCENT_COLOR_NAME = AccentColor;
				CODE_SIGN_STYLE = Automatic;
				CURRENT_PROJECT_VERSION = 1;
				DEVELOPMENT_TEAM = LUQ926BAHR;
				GENERATE_INFOPLIST_FILE = YES;
				INFOPLIST_FILE = chatTesrApp/SupportingFilles/Info.plist;
				INFOPLIST_KEY_UIApplicationSupportsIndirectInputEvents = YES;
				INFOPLIST_KEY_UILaunchStoryboardName = LaunchScreen;
				INFOPLIST_KEY_UISupportedInterfaceOrientations = UIInterfaceOrientationPortrait;
				LD_RUNPATH_SEARCH_PATHS = (
					"$(inherited)",
					"@executable_path/Frameworks",
				);
				MARKETING_VERSION = 1.0;
				PRODUCT_BUNDLE_IDENTIFIER = vladShima.chatTesrApp;
				PRODUCT_NAME = "$(TARGET_NAME)";
				SWIFT_EMIT_LOC_STRINGS = YES;
				SWIFT_VERSION = 5.0;
				TARGETED_DEVICE_FAMILY = "1,2";
			};
			name = Release;
		};
/* End XCBuildConfiguration section */

/* Begin XCConfigurationList section */
		B229D4F429CCAE94003E11B9 /* Build configuration list for PBXProject "chatTesrApp" */ = {
			isa = XCConfigurationList;
			buildConfigurations = (
				B229D50E29CCAE96003E11B9 /* Debug */,
				B229D50F29CCAE96003E11B9 /* Release */,
			);
			defaultConfigurationIsVisible = 0;
			defaultConfigurationName = Release;
		};
		B229D51029CCAE96003E11B9 /* Build configuration list for PBXNativeTarget "chatTesrApp" */ = {
			isa = XCConfigurationList;
			buildConfigurations = (
				B229D51129CCAE96003E11B9 /* Debug */,
				B229D51229CCAE96003E11B9 /* Release */,
			);
			defaultConfigurationIsVisible = 0;
			defaultConfigurationName = Release;
		};
/* End XCConfigurationList section */

/* Begin XCVersionGroup section */
		B229D50529CCAE94003E11B9 /* chatTesrApp.xcdatamodeld */ = {
			isa = XCVersionGroup;
			children = (
				B229D50629CCAE94003E11B9 /* chatTesrApp.xcdatamodel */,
			);
			currentVersion = B229D50629CCAE94003E11B9 /* chatTesrApp.xcdatamodel */;
			path = chatTesrApp.xcdatamodeld;
			sourceTree = "<group>";
			versionGroupType = wrapper.xcdatamodel;
		};
/* End XCVersionGroup section */
	};
	rootObject = B229D4F129CCAE94003E11B9 /* Project object */;
}
